
Microsoft Visual Studio Solution File, Format Version 12.00
# Visual Studio Version 16
VisualStudioVersion = 16.0.30114.105
MinimumVisualStudioVersion = 10.0.40219.1
Project("{9A19103F-16F7-4668-BE54-9A1E7A4F7556}") = "TracingContext.Test", "tests\UnitTests\TracingContext.Test.csproj", "{FEBBDFA0-BD8D-4F29-9287-1DF664A7E658}"
EndProject
Project("{2150E333-8FDC-42A3-9474-1A3956D46DE8}") = "Solution Items", "Solution Items", "{031C076A-F9C2-4240-9F74-65406E1EB83A}"
	ProjectSection(SolutionItems) = preProject
		Directory.Build.props = Directory.Build.props
		LICENSE = LICENSE
		readme.md = readme.md
	EndProjectSection
EndProject
Project("{9A19103F-16F7-4668-BE54-9A1E7A4F7556}") = "TracingContext", "src\TracingContext\TracingContext.csproj", "{EAD14F28-032C-4EF5-AA4B-A2327C9194E2}"
EndProject
Global
	GlobalSection(SolutionConfigurationPlatforms) = preSolution
		Debug|Any CPU = Debug|Any CPU
		Release|Any CPU = Release|Any CPU
	EndGlobalSection
	GlobalSection(ProjectConfigurationPlatforms) = postSolution
		{FEBBDFA0-BD8D-4F29-9287-1DF664A7E658}.Debug|Any CPU.ActiveCfg = Debug|Any CPU
		{FEBBDFA0-BD8D-4F29-9287-1DF664A7E658}.Debug|Any CPU.Build.0 = Debug|Any CPU
		{FEBBDFA0-BD8D-4F29-9287-1DF664A7E658}.Release|Any CPU.ActiveCfg = Release|Any CPU
		{FEBBDFA0-BD8D-4F29-9287-1DF664A7E658}.Release|Any CPU.Build.0 = Release|Any CPU
		{EAD14F28-032C-4EF5-AA4B-A2327C9194E2}.Debug|Any CPU.ActiveCfg = Debug|Any CPU
		{EAD14F28-032C-4EF5-AA4B-A2327C9194E2}.Debug|Any CPU.Build.0 = Debug|Any CPU
		{EAD14F28-032C-4EF5-AA4B-A2327C9194E2}.Release|Any CPU.ActiveCfg = Release|Any CPU
		{EAD14F28-032C-4EF5-AA4B-A2327C9194E2}.Release|Any CPU.Build.0 = Release|Any CPU
	EndGlobalSection
	GlobalSection(SolutionProperties) = preSolution
		HideSolutionNode = FALSE
	EndGlobalSection
	GlobalSection(ExtensibilityGlobals) = postSolution
		SolutionGuid = {185A1805-F9B8-403B-9E0A-142BC6B786DD}
	EndGlobalSection
EndGlobal
